
Microsoft Visual Studio Solution File, Format Version 11.00
# Visual Studio 2010
Project("{FAE04EC0-301F-11D3-BF4B-00C04F79EFBC}") = "Hra_BaseInfo", "Hra_BaseInfo.csproj", "{450C6A05-1479-422A-8F20-E9B2AB837B9E}"
EndProject
Global
	GlobalSection(SolutionConfigurationPlatforms) = preSolution
		Debug|Any CPU = Debug|Any CPU
		Release|Any CPU = Release|Any CPU
	EndGlobalSection
	GlobalSection(ProjectConfigurationPlatforms) = postSolution
		{450C6A05-1479-422A-8F20-E9B2AB837B9E}.Debug|Any CPU.ActiveCfg = Debug|Any CPU
		{450C6A05-1479-422A-8F20-E9B2AB837B9E}.Debug|Any CPU.Build.0 = Debug|Any CPU
		{450C6A05-1479-422A-8F20-E9B2AB837B9E}.Release|Any CPU.ActiveCfg = Release|Any CPU
		{450C6A05-1479-422A-8F20-E9B2AB837B9E}.Release|Any CPU.Build.0 = Release|Any CPU
	EndGlobalSection
	GlobalSection(SolutionProperties) = preSolution
		HideSolutionNode = FALSE
	EndGlobalSection
EndGlobal
